
Microsoft Visual Studio Solution File, Format Version 12.00
# Visual Studio 14
VisualStudioVersion = 14.0.25420.1
MinimumVisualStudioVersion = 10.0.40219.1
Project("{FAE04EC0-301F-11D3-BF4B-00C04F79EFBC}") = "HelloXamarin.Droid", "HelloXamarin\HelloXamarin.Droid\HelloXamarin.Droid.csproj", "{F3DCC963-D659-4590-8B39-96A38C53C44F}"
EndProject
Project("{FAE04EC0-301F-11D3-BF4B-00C04F79EFBC}") = "HelloXamarin.iOS", "HelloXamarin\HelloXamarin.iOS\HelloXamarin.iOS.csproj", "{3DD85D69-87C2-4E73-B3A3-165D3F7E78EC}"
EndProject
Project("{FAE04EC0-301F-11D3-BF4B-00C04F79EFBC}") = "HelloXamarin.WinPhone", "HelloXamarin\HelloXamarin.WinPhone\HelloXamarin.WinPhone.csproj", "{EB49D687-105C-46A2-8D1A-2C3083928A78}"
EndProject
Project("{FAE04EC0-301F-11D3-BF4B-00C04F79EFBC}") = "HelloXamarin.Windows", "HelloXamarin\HelloXamarin.Windows\HelloXamarin.Windows.csproj", "{5B039FD0-0F95-43A6-A36F-F652F97A20F3}"
EndProject
Project("{FAE04EC0-301F-11D3-BF4B-00C04F79EFBC}") = "HelloXamarin", "HelloXamarin\HelloXamarin\HelloXamarin.csproj", "{DF194044-71F1-4385-81F1-2D45326E2AC6}"
EndProject
Global
	GlobalSection(SolutionConfigurationPlatforms) = preSolution
		Ad-Hoc|Any CPU = Ad-Hoc|Any CPU
		Ad-Hoc|ARM = Ad-Hoc|ARM
		Ad-Hoc|iPhone = Ad-Hoc|iPhone
		Ad-Hoc|iPhoneSimulator = Ad-Hoc|iPhoneSimulator
		Ad-Hoc|x64 = Ad-Hoc|x64
		Ad-Hoc|x86 = Ad-Hoc|x86
		AppStore|Any CPU = AppStore|Any CPU
		AppStore|ARM = AppStore|ARM
		AppStore|iPhone = AppStore|iPhone
		AppStore|iPhoneSimulator = AppStore|iPhoneSimulator
		AppStore|x64 = AppStore|x64
		AppStore|x86 = AppStore|x86
		Debug|Any CPU = Debug|Any CPU
		Debug|ARM = Debug|ARM
		Debug|iPhone = Debug|iPhone
		Debug|iPhoneSimulator = Debug|iPhoneSimulator
		Debug|x64 = Debug|x64
		Debug|x86 = Debug|x86
		Release|Any CPU = Release|Any CPU
		Release|ARM = Release|ARM
		Release|iPhone = Release|iPhone
		Release|iPhoneSimulator = Release|iPhoneSimulator
		Release|x64 = Release|x64
		Release|x86 = Release|x86
	EndGlobalSection
	GlobalSection(ProjectConfigurationPlatforms) = postSolution
		{F3DCC963-D659-4590-8B39-96A38C53C44F}.Ad-Hoc|Any CPU.ActiveCfg = Release|Any CPU
		{F3DCC963-D659-4590-8B39-96A38C53C44F}.Ad-Hoc|Any CPU.Build.0 = Release|Any CPU
		{F3DCC963-D659-4590-8B39-96A38C53C44F}.Ad-Hoc|Any CPU.Deploy.0 = Release|Any CPU
		{F3DCC963-D659-4590-8B39-96A38C53C44F}.Ad-Hoc|ARM.ActiveCfg = Release|Any CPU
		{F3DCC963-D659-4590-8B39-96A38C53C44F}.Ad-Hoc|ARM.Build.0 = Release|Any CPU
		{F3DCC963-D659-4590-8B39-96A38C53C44F}.Ad-Hoc|ARM.Deploy.0 = Release|Any CPU
		{F3DCC963-D659-4590-8B39-96A38C53C44F}.Ad-Hoc|iPhone.ActiveCfg = Release|Any CPU
		{F3DCC963-D659-4590-8B39-96A38C53C44F}.Ad-Hoc|iPhone.Build.0 = Release|Any CPU
		{F3DCC963-D659-4590-8B39-96A38C53C44F}.Ad-Hoc|iPhone.Deploy.0 = Release|Any CPU
		{F3DCC963-D659-4590-8B39-96A38C53C44F}.Ad-Hoc|iPhoneSimulator.ActiveCfg = Release|Any CPU
		{F3DCC963-D659-4590-8B39-96A38C53C44F}.Ad-Hoc|iPhoneSimulator.Build.0 = Release|Any CPU
		{F3DCC963-D659-4590-8B39-96A38C53C44F}.Ad-Hoc|iPhoneSimulator.Deploy.0 = Release|Any CPU
		{F3DCC963-D659-4590-8B39-96A38C53C44F}.Ad-Hoc|x64.ActiveCfg = Release|Any CPU
		{F3DCC963-D659-4590-8B39-96A38C53C44F}.Ad-Hoc|x64.Build.0 = Release|Any CPU
		{F3DCC963-D659-4590-8B39-96A38C53C44F}.Ad-Hoc|x64.Deploy.0 = Release|Any CPU
		{F3DCC963-D659-4590-8B39-96A38C53C44F}.Ad-Hoc|x86.ActiveCfg = Release|Any CPU
		{F3DCC963-D659-4590-8B39-96A38C53C44F}.Ad-Hoc|x86.Build.0 = Release|Any CPU
		{F3DCC963-D659-4590-8B39-96A38C53C44F}.Ad-Hoc|x86.Deploy.0 = Release|Any CPU
		{F3DCC963-D659-4590-8B39-96A38C53C44F}.AppStore|Any CPU.ActiveCfg = Release|Any CPU
		{F3DCC963-D659-4590-8B39-96A38C53C44F}.AppStore|Any CPU.Build.0 = Release|Any CPU
		{F3DCC963-D659-4590-8B39-96A38C53C44F}.AppStore|Any CPU.Deploy.0 = Release|Any CPU
		{F3DCC963-D659-4590-8B39-96A38C53C44F}.AppStore|ARM.ActiveCfg = Release|Any CPU
		{F3DCC963-D659-4590-8B39-96A38C53C44F}.AppStore|ARM.Build.0 = Release|Any CPU
		{F3DCC963-D659-4590-8B39-96A38C53C44F}.AppStore|ARM.Deploy.0 = Release|Any CPU
		{F3DCC963-D659-4590-8B39-96A38C53C44F}.AppStore|iPhone.ActiveCfg = Release|Any CPU
		{F3DCC963-D659-4590-8B39-96A38C53C44F}.AppStore|iPhone.Build.0 = Release|Any CPU
		{F3DCC963-D659-4590-8B39-96A38C53C44F}.AppStore|iPhone.Deploy.0 = Release|Any CPU
		{F3DCC963-D659-4590-8B39-96A38C53C44F}.AppStore|iPhoneSimulator.ActiveCfg = Release|Any CPU
		{F3DCC963-D659-4590-8B39-96A38C53C44F}.AppStore|iPhoneSimulator.Build.0 = Release|Any CPU
		{F3DCC963-D659-4590-8B39-96A38C53C44F}.AppStore|iPhoneSimulator.Deploy.0 = Release|Any CPU
		{F3DCC963-D659-4590-8B39-96A38C53C44F}.AppStore|x64.ActiveCfg = Release|Any CPU
		{F3DCC963-D659-4590-8B39-96A38C53C44F}.AppStore|x64.Build.0 = Release|Any CPU
		{F3DCC963-D659-4590-8B39-96A38C53C44F}.AppStore|x64.Deploy.0 = Release|Any CPU
		{F3DCC963-D659-4590-8B39-96A38C53C44F}.AppStore|x86.ActiveCfg = Release|Any CPU
		{F3DCC963-D659-4590-8B39-96A38C53C44F}.AppStore|x86.Build.0 = Release|Any CPU
		{F3DCC963-D659-4590-8B39-96A38C53C44F}.AppStore|x86.Deploy.0 = Release|Any CPU
		{F3DCC963-D659-4590-8B39-96A38C53C44F}.Debug|Any CPU.ActiveCfg = Debug|Any CPU
		{F3DCC963-D659-4590-8B39-96A38C53C44F}.Debug|Any CPU.Build.0 = Debug|Any CPU
		{F3DCC963-D659-4590-8B39-96A38C53C44F}.Debug|Any CPU.Deploy.0 = Debug|Any CPU
		{F3DCC963-D659-4590-8B39-96A38C53C44F}.Debug|ARM.ActiveCfg = Debug|Any CPU
		{F3DCC963-D659-4590-8B39-96A38C53C44F}.Debug|ARM.Build.0 = Debug|Any CPU
		{F3DCC963-D659-4590-8B39-96A38C53C44F}.Debug|ARM.Deploy.0 = Debug|Any CPU
		{F3DCC963-D659-4590-8B39-96A38C53C44F}.Debug|iPhone.ActiveCfg = Debug|Any CPU
		{F3DCC963-D659-4590-8B39-96A38C53C44F}.Debug|iPhone.Build.0 = Debug|Any CPU
		{F3DCC963-D659-4590-8B39-96A38C53C44F}.Debug|iPhone.Deploy.0 = Debug|Any CPU
		{F3DCC963-D659-4590-8B39-96A38C53C44F}.Debug|iPhoneSimulator.ActiveCfg = Debug|Any CPU
		{F3DCC963-D659-4590-8B39-96A38C53C44F}.Debug|iPhoneSimulator.Build.0 = Debug|Any CPU
		{F3DCC963-D659-4590-8B39-96A38C53C44F}.Debug|iPhoneSimulator.Deploy.0 = Debug|Any CPU
		{F3DCC963-D659-4590-8B39-96A38C53C44F}.Debug|x64.ActiveCfg = Debug|Any CPU
		{F3DCC963-D659-4590-8B39-96A38C53C44F}.Debug|x64.Build.0 = Debug|Any CPU
		{F3DCC963-D659-4590-8B39-96A38C53C44F}.Debug|x64.Deploy.0 = Debug|Any CPU
		{F3DCC963-D659-4590-8B39-96A38C53C44F}.Debug|x86.ActiveCfg = Debug|Any CPU
		{F3DCC963-D659-4590-8B39-96A38C53C44F}.Debug|x86.Build.0 = Debug|Any CPU
		{F3DCC963-D659-4590-8B39-96A38C53C44F}.Debug|x86.Deploy.0 = Debug|Any CPU
		{F3DCC963-D659-4590-8B39-96A38C53C44F}.Release|Any CPU.ActiveCfg = Release|Any CPU
		{F3DCC963-D659-4590-8B39-96A38C53C44F}.Release|Any CPU.Build.0 = Release|Any CPU
		{F3DCC963-D659-4590-8B39-96A38C53C44F}.Release|Any CPU.Deploy.0 = Release|Any CPU
		{F3DCC963-D659-4590-8B39-96A38C53C44F}.Release|ARM.ActiveCfg = Release|Any CPU
		{F3DCC963-D659-4590-8B39-96A38C53C44F}.Release|ARM.Build.0 = Release|Any CPU
		{F3DCC963-D659-4590-8B39-96A38C53C44F}.Release|ARM.Deploy.0 = Release|Any CPU
		{F3DCC963-D659-4590-8B39-96A38C53C44F}.Release|iPhone.ActiveCfg = Release|Any CPU
		{F3DCC963-D659-4590-8B39-96A38C53C44F}.Release|iPhone.Build.0 = Release|Any CPU
		{F3DCC963-D659-4590-8B39-96A38C53C44F}.Release|iPhone.Deploy.0 = Release|Any CPU
		{F3DCC963-D659-4590-8B39-96A38C53C44F}.Release|iPhoneSimulator.ActiveCfg = Release|Any CPU
		{F3DCC963-D659-4590-8B39-96A38C53C44F}.Release|iPhoneSimulator.Build.0 = Release|Any CPU
		{F3DCC963-D659-4590-8B39-96A38C53C44F}.Release|iPhoneSimulator.Deploy.0 = Release|Any CPU
		{F3DCC963-D659-4590-8B39-96A38C53C44F}.Release|x64.ActiveCfg = Release|Any CPU
		{F3DCC963-D659-4590-8B39-96A38C53C44F}.Release|x64.Build.0 = Release|Any CPU
		{F3DCC963-D659-4590-8B39-96A38C53C44F}.Release|x64.Deploy.0 = Release|Any CPU
		{F3DCC963-D659-4590-8B39-96A38C53C44F}.Release|x86.ActiveCfg = Release|Any CPU
		{F3DCC963-D659-4590-8B39-96A38C53C44F}.Release|x86.Build.0 = Release|Any CPU
		{F3DCC963-D659-4590-8B39-96A38C53C44F}.Release|x86.Deploy.0 = Release|Any CPU
		{3DD85D69-87C2-4E73-B3A3-165D3F7E78EC}.Ad-Hoc|Any CPU.ActiveCfg = Ad-Hoc|iPhone
		{3DD85D69-87C2-4E73-B3A3-165D3F7E78EC}.Ad-Hoc|ARM.ActiveCfg = Ad-Hoc|iPhone
		{3DD85D69-87C2-4E73-B3A3-165D3F7E78EC}.Ad-Hoc|iPhone.ActiveCfg = Ad-Hoc|iPhone
		{3DD85D69-87C2-4E73-B3A3-165D3F7E78EC}.Ad-Hoc|iPhone.Build.0 = Ad-Hoc|iPhone
		{3DD85D69-87C2-4E73-B3A3-165D3F7E78EC}.Ad-Hoc|iPhoneSimulator.ActiveCfg = Ad-Hoc|iPhoneSimulator
		{3DD85D69-87C2-4E73-B3A3-165D3F7E78EC}.Ad-Hoc|iPhoneSimulator.Build.0 = Ad-Hoc|iPhoneSimulator
		{3DD85D69-87C2-4E73-B3A3-165D3F7E78EC}.Ad-Hoc|x64.ActiveCfg = Ad-Hoc|iPhone
		{3DD85D69-87C2-4E73-B3A3-165D3F7E78EC}.Ad-Hoc|x86.ActiveCfg = Ad-Hoc|iPhone
		{3DD85D69-87C2-4E73-B3A3-165D3F7E78EC}.AppStore|Any CPU.ActiveCfg = AppStore|iPhone
		{3DD85D69-87C2-4E73-B3A3-165D3F7E78EC}.AppStore|ARM.ActiveCfg = AppStore|iPhone
		{3DD85D69-87C2-4E73-B3A3-165D3F7E78EC}.AppStore|iPhone.ActiveCfg = AppStore|iPhone
		{3DD85D69-87C2-4E73-B3A3-165D3F7E78EC}.AppStore|iPhone.Build.0 = AppStore|iPhone
		{3DD85D69-87C2-4E73-B3A3-165D3F7E78EC}.AppStore|iPhoneSimulator.ActiveCfg = AppStore|iPhoneSimulator
		{3DD85D69-87C2-4E73-B3A3-165D3F7E78EC}.AppStore|iPhoneSimulator.Build.0 = AppStore|iPhoneSimulator
		{3DD85D69-87C2-4E73-B3A3-165D3F7E78EC}.AppStore|x64.ActiveCfg = AppStore|iPhone
		{3DD85D69-87C2-4E73-B3A3-165D3F7E78EC}.AppStore|x86.ActiveCfg = AppStore|iPhone
		{3DD85D69-87C2-4E73-B3A3-165D3F7E78EC}.Debug|Any CPU.ActiveCfg = Debug|iPhone
		{3DD85D69-87C2-4E73-B3A3-165D3F7E78EC}.Debug|ARM.ActiveCfg = Debug|iPhone
		{3DD85D69-87C2-4E73-B3A3-165D3F7E78EC}.Debug|iPhone.ActiveCfg = Debug|iPhone
		{3DD85D69-87C2-4E73-B3A3-165D3F7E78EC}.Debug|iPhone.Build.0 = Debug|iPhone
		{3DD85D69-87C2-4E73-B3A3-165D3F7E78EC}.Debug|iPhoneSimulator.ActiveCfg = Debug|iPhoneSimulator
		{3DD85D69-87C2-4E73-B3A3-165D3F7E78EC}.Debug|iPhoneSimulator.Build.0 = Debug|iPhoneSimulator
		{3DD85D69-87C2-4E73-B3A3-165D3F7E78EC}.Debug|x64.ActiveCfg = Debug|iPhone
		{3DD85D69-87C2-4E73-B3A3-165D3F7E78EC}.Debug|x86.ActiveCfg = Debug|iPhone
		{3DD85D69-87C2-4E73-B3A3-165D3F7E78EC}.Release|Any CPU.ActiveCfg = Release|iPhone
		{3DD85D69-87C2-4E73-B3A3-165D3F7E78EC}.Release|ARM.ActiveCfg = Release|iPhone
		{3DD85D69-87C2-4E73-B3A3-165D3F7E78EC}.Release|iPhone.ActiveCfg = Release|iPhone
		{3DD85D69-87C2-4E73-B3A3-165D3F7E78EC}.Release|iPhone.Build.0 = Release|iPhone
		{3DD85D69-87C2-4E73-B3A3-165D3F7E78EC}.Release|iPhoneSimulator.ActiveCfg = Release|iPhoneSimulator
		{3DD85D69-87C2-4E73-B3A3-165D3F7E78EC}.Release|iPhoneSimulator.Build.0 = Release|iPhoneSimulator
		{3DD85D69-87C2-4E73-B3A3-165D3F7E78EC}.Release|x64.ActiveCfg = Release|iPhone
		{3DD85D69-87C2-4E73-B3A3-165D3F7E78EC}.Release|x86.ActiveCfg = Release|iPhone
		{EB49D687-105C-46A2-8D1A-2C3083928A78}.Ad-Hoc|Any CPU.ActiveCfg = Release|Any CPU
		{EB49D687-105C-46A2-8D1A-2C3083928A78}.Ad-Hoc|Any CPU.Build.0 = Release|Any CPU
		{EB49D687-105C-46A2-8D1A-2C3083928A78}.Ad-Hoc|Any CPU.Deploy.0 = Release|Any CPU
		{EB49D687-105C-46A2-8D1A-2C3083928A78}.Ad-Hoc|ARM.ActiveCfg = Release|ARM
		{EB49D687-105C-46A2-8D1A-2C3083928A78}.Ad-Hoc|ARM.Build.0 = Release|ARM
		{EB49D687-105C-46A2-8D1A-2C3083928A78}.Ad-Hoc|ARM.Deploy.0 = Release|ARM
		{EB49D687-105C-46A2-8D1A-2C3083928A78}.Ad-Hoc|iPhone.ActiveCfg = Release|Any CPU
		{EB49D687-105C-46A2-8D1A-2C3083928A78}.Ad-Hoc|iPhone.Build.0 = Release|Any CPU
		{EB49D687-105C-46A2-8D1A-2C3083928A78}.Ad-Hoc|iPhone.Deploy.0 = Release|Any CPU
		{EB49D687-105C-46A2-8D1A-2C3083928A78}.Ad-Hoc|iPhoneSimulator.ActiveCfg = Release|Any CPU
		{EB49D687-105C-46A2-8D1A-2C3083928A78}.Ad-Hoc|iPhoneSimulator.Build.0 = Release|Any CPU
		{EB49D687-105C-46A2-8D1A-2C3083928A78}.Ad-Hoc|iPhoneSimulator.Deploy.0 = Release|Any CPU
		{EB49D687-105C-46A2-8D1A-2C3083928A78}.Ad-Hoc|x64.ActiveCfg = Release|Any CPU
		{EB49D687-105C-46A2-8D1A-2C3083928A78}.Ad-Hoc|x64.Build.0 = Release|Any CPU
		{EB49D687-105C-46A2-8D1A-2C3083928A78}.Ad-Hoc|x64.Deploy.0 = Release|Any CPU
		{EB49D687-105C-46A2-8D1A-2C3083928A78}.Ad-Hoc|x86.ActiveCfg = Release|x86
		{EB49D687-105C-46A2-8D1A-2C3083928A78}.Ad-Hoc|x86.Build.0 = Release|x86
		{EB49D687-105C-46A2-8D1A-2C3083928A78}.Ad-Hoc|x86.Deploy.0 = Release|x86
		{EB49D687-105C-46A2-8D1A-2C3083928A78}.AppStore|Any CPU.ActiveCfg = Release|Any CPU
		{EB49D687-105C-46A2-8D1A-2C3083928A78}.AppStore|Any CPU.Build.0 = Release|Any CPU
		{EB49D687-105C-46A2-8D1A-2C3083928A78}.AppStore|Any CPU.Deploy.0 = Release|Any CPU
		{EB49D687-105C-46A2-8D1A-2C3083928A78}.AppStore|ARM.ActiveCfg = Release|ARM
		{EB49D687-105C-46A2-8D1A-2C3083928A78}.AppStore|ARM.Build.0 = Release|ARM
		{EB49D687-105C-46A2-8D1A-2C3083928A78}.AppStore|ARM.Deploy.0 = Release|ARM
		{EB49D687-105C-46A2-8D1A-2C3083928A78}.AppStore|iPhone.ActiveCfg = Release|Any CPU
		{EB49D687-105C-46A2-8D1A-2C3083928A78}.AppStore|iPhone.Build.0 = Release|Any CPU
		{EB49D687-105C-46A2-8D1A-2C3083928A78}.AppStore|iPhone.Deploy.0 = Release|Any CPU
		{EB49D687-105C-46A2-8D1A-2C3083928A78}.AppStore|iPhoneSimulator.ActiveCfg = Release|Any CPU
		{EB49D687-105C-46A2-8D1A-2C3083928A78}.AppStore|iPhoneSimulator.Build.0 = Release|Any CPU
		{EB49D687-105C-46A2-8D1A-2C3083928A78}.AppStore|iPhoneSimulator.Deploy.0 = Release|Any CPU
		{EB49D687-105C-46A2-8D1A-2C3083928A78}.AppStore|x64.ActiveCfg = Release|Any CPU
		{EB49D687-105C-46A2-8D1A-2C3083928A78}.AppStore|x64.Build.0 = Release|Any CPU
		{EB49D687-105C-46A2-8D1A-2C3083928A78}.AppStore|x64.Deploy.0 = Release|Any CPU
		{EB49D687-105C-46A2-8D1A-2C3083928A78}.AppStore|x86.ActiveCfg = Release|x86
		{EB49D687-105C-46A2-8D1A-2C3083928A78}.AppStore|x86.Build.0 = Release|x86
		{EB49D687-105C-46A2-8D1A-2C3083928A78}.AppStore|x86.Deploy.0 = Release|x86
		{EB49D687-105C-46A2-8D1A-2C3083928A78}.Debug|Any CPU.ActiveCfg = Debug|Any CPU
		{EB49D687-105C-46A2-8D1A-2C3083928A78}.Debug|Any CPU.Build.0 = Debug|Any CPU
		{EB49D687-105C-46A2-8D1A-2C3083928A78}.Debug|Any CPU.Deploy.0 = Debug|Any CPU
		{EB49D687-105C-46A2-8D1A-2C3083928A78}.Debug|ARM.ActiveCfg = Debug|ARM
		{EB49D687-105C-46A2-8D1A-2C3083928A78}.Debug|ARM.Build.0 = Debug|ARM
		{EB49D687-105C-46A2-8D1A-2C3083928A78}.Debug|ARM.Deploy.0 = Debug|ARM
		{EB49D687-105C-46A2-8D1A-2C3083928A78}.Debug|iPhone.ActiveCfg = Debug|Any CPU
		{EB49D687-105C-46A2-8D1A-2C3083928A78}.Debug|iPhone.Build.0 = Debug|Any CPU
		{EB49D687-105C-46A2-8D1A-2C3083928A78}.Debug|iPhone.Deploy.0 = Debug|Any CPU
		{EB49D687-105C-46A2-8D1A-2C3083928A78}.Debug|iPhoneSimulator.ActiveCfg = Debug|Any CPU
		{EB49D687-105C-46A2-8D1A-2C3083928A78}.Debug|iPhoneSimulator.Build.0 = Debug|Any CPU
		{EB49D687-105C-46A2-8D1A-2C3083928A78}.Debug|iPhoneSimulator.Deploy.0 = Debug|Any CPU
		{EB49D687-105C-46A2-8D1A-2C3083928A78}.Debug|x64.ActiveCfg = Debug|Any CPU
		{EB49D687-105C-46A2-8D1A-2C3083928A78}.Debug|x64.Build.0 = Debug|Any CPU
		{EB49D687-105C-46A2-8D1A-2C3083928A78}.Debug|x64.Deploy.0 = Debug|Any CPU
		{EB49D687-105C-46A2-8D1A-2C3083928A78}.Debug|x86.ActiveCfg = Debug|x86
		{EB49D687-105C-46A2-8D1A-2C3083928A78}.Debug|x86.Build.0 = Debug|x86
		{EB49D687-105C-46A2-8D1A-2C3083928A78}.Debug|x86.Deploy.0 = Debug|x86
		{EB49D687-105C-46A2-8D1A-2C3083928A78}.Release|Any CPU.ActiveCfg = Release|Any CPU
		{EB49D687-105C-46A2-8D1A-2C3083928A78}.Release|Any CPU.Build.0 = Release|Any CPU
		{EB49D687-105C-46A2-8D1A-2C3083928A78}.Release|Any CPU.Deploy.0 = Release|Any CPU
		{EB49D687-105C-46A2-8D1A-2C3083928A78}.Release|ARM.ActiveCfg = Release|ARM
		{EB49D687-105C-46A2-8D1A-2C3083928A78}.Release|ARM.Build.0 = Release|ARM
		{EB49D687-105C-46A2-8D1A-2C3083928A78}.Release|ARM.Deploy.0 = Release|ARM
		{EB49D687-105C-46A2-8D1A-2C3083928A78}.Release|iPhone.ActiveCfg = Release|Any CPU
		{EB49D687-105C-46A2-8D1A-2C3083928A78}.Release|iPhone.Build.0 = Release|Any CPU
		{EB49D687-105C-46A2-8D1A-2C3083928A78}.Release|iPhone.Deploy.0 = Release|Any CPU
		{EB49D687-105C-46A2-8D1A-2C3083928A78}.Release|iPhoneSimulator.ActiveCfg = Release|Any CPU
		{EB49D687-105C-46A2-8D1A-2C3083928A78}.Release|iPhoneSimulator.Build.0 = Release|Any CPU
		{EB49D687-105C-46A2-8D1A-2C3083928A78}.Release|iPhoneSimulator.Deploy.0 = Release|Any CPU
		{EB49D687-105C-46A2-8D1A-2C3083928A78}.Release|x64.ActiveCfg = Release|Any CPU
		{EB49D687-105C-46A2-8D1A-2C3083928A78}.Release|x64.Build.0 = Release|Any CPU
		{EB49D687-105C-46A2-8D1A-2C3083928A78}.Release|x64.Deploy.0 = Release|Any CPU
		{EB49D687-105C-46A2-8D1A-2C3083928A78}.Release|x86.ActiveCfg = Release|x86
		{EB49D687-105C-46A2-8D1A-2C3083928A78}.Release|x86.Build.0 = Release|x86
		{EB49D687-105C-46A2-8D1A-2C3083928A78}.Release|x86.Deploy.0 = Release|x86
		{5B039FD0-0F95-43A6-A36F-F652F97A20F3}.Ad-Hoc|Any CPU.ActiveCfg = Release|Any CPU
		{5B039FD0-0F95-43A6-A36F-F652F97A20F3}.Ad-Hoc|Any CPU.Build.0 = Release|Any CPU
		{5B039FD0-0F95-43A6-A36F-F652F97A20F3}.Ad-Hoc|Any CPU.Deploy.0 = Release|Any CPU
		{5B039FD0-0F95-43A6-A36F-F652F97A20F3}.Ad-Hoc|ARM.ActiveCfg = Release|ARM
		{5B039FD0-0F95-43A6-A36F-F652F97A20F3}.Ad-Hoc|ARM.Build.0 = Release|ARM
		{5B039FD0-0F95-43A6-A36F-F652F97A20F3}.Ad-Hoc|ARM.Deploy.0 = Release|ARM
		{5B039FD0-0F95-43A6-A36F-F652F97A20F3}.Ad-Hoc|iPhone.ActiveCfg = Release|Any CPU
		{5B039FD0-0F95-43A6-A36F-F652F97A20F3}.Ad-Hoc|iPhone.Build.0 = Release|Any CPU
		{5B039FD0-0F95-43A6-A36F-F652F97A20F3}.Ad-Hoc|iPhone.Deploy.0 = Release|Any CPU
		{5B039FD0-0F95-43A6-A36F-F652F97A20F3}.Ad-Hoc|iPhoneSimulator.ActiveCfg = Release|Any CPU
		{5B039FD0-0F95-43A6-A36F-F652F97A20F3}.Ad-Hoc|iPhoneSimulator.Build.0 = Release|Any CPU
		{5B039FD0-0F95-43A6-A36F-F652F97A20F3}.Ad-Hoc|iPhoneSimulator.Deploy.0 = Release|Any CPU
		{5B039FD0-0F95-43A6-A36F-F652F97A20F3}.Ad-Hoc|x64.ActiveCfg = Release|x64
		{5B039FD0-0F95-43A6-A36F-F652F97A20F3}.Ad-Hoc|x64.Build.0 = Release|x64
		{5B039FD0-0F95-43A6-A36F-F652F97A20F3}.Ad-Hoc|x64.Deploy.0 = Release|x64
		{5B039FD0-0F95-43A6-A36F-F652F97A20F3}.Ad-Hoc|x86.ActiveCfg = Release|x86
		{5B039FD0-0F95-43A6-A36F-F652F97A20F3}.Ad-Hoc|x86.Build.0 = Release|x86
		{5B039FD0-0F95-43A6-A36F-F652F97A20F3}.Ad-Hoc|x86.Deploy.0 = Release|x86
		{5B039FD0-0F95-43A6-A36F-F652F97A20F3}.AppStore|Any CPU.ActiveCfg = Release|Any CPU
		{5B039FD0-0F95-43A6-A36F-F652F97A20F3}.AppStore|Any CPU.Build.0 = Release|Any CPU
		{5B039FD0-0F95-43A6-A36F-F652F97A20F3}.AppStore|Any CPU.Deploy.0 = Release|Any CPU
		{5B039FD0-0F95-43A6-A36F-F652F97A20F3}.AppStore|ARM.ActiveCfg = Release|ARM
		{5B039FD0-0F95-43A6-A36F-F652F97A20F3}.AppStore|ARM.Build.0 = Release|ARM
		{5B039FD0-0F95-43A6-A36F-F652F97A20F3}.AppStore|ARM.Deploy.0 = Release|ARM
		{5B039FD0-0F95-43A6-A36F-F652F97A20F3}.AppStore|iPhone.ActiveCfg = Release|Any CPU
		{5B039FD0-0F95-43A6-A36F-F652F97A20F3}.AppStore|iPhone.Build.0 = Release|Any CPU
		{5B039FD0-0F95-43A6-A36F-F652F97A20F3}.AppStore|iPhone.Deploy.0 = Release|Any CPU
		{5B039FD0-0F95-43A6-A36F-F652F97A20F3}.AppStore|iPhoneSimulator.ActiveCfg = Release|Any CPU
		{5B039FD0-0F95-43A6-A36F-F652F97A20F3}.AppStore|iPhoneSimulator.Build.0 = Release|Any CPU
		{5B039FD0-0F95-43A6-A36F-F652F97A20F3}.AppStore|iPhoneSimulator.Deploy.0 = Release|Any CPU
		{5B039FD0-0F95-43A6-A36F-F652F97A20F3}.AppStore|x64.ActiveCfg = Release|x64
		{5B039FD0-0F95-43A6-A36F-F652F97A20F3}.AppStore|x64.Build.0 = Release|x64
		{5B039FD0-0F95-43A6-A36F-F652F97A20F3}.AppStore|x64.Deploy.0 = Release|x64
		{5B039FD0-0F95-43A6-A36F-F652F97A20F3}.AppStore|x86.ActiveCfg = Release|x86
		{5B039FD0-0F95-43A6-A36F-F652F97A20F3}.AppStore|x86.Build.0 = Release|x86
		{5B039FD0-0F95-43A6-A36F-F652F97A20F3}.AppStore|x86.Deploy.0 = Release|x86
		{5B039FD0-0F95-43A6-A36F-F652F97A20F3}.Debug|Any CPU.ActiveCfg = Debug|Any CPU
		{5B039FD0-0F95-43A6-A36F-F652F97A20F3}.Debug|Any CPU.Build.0 = Debug|Any CPU
		{5B039FD0-0F95-43A6-A36F-F652F97A20F3}.Debug|Any CPU.Deploy.0 = Debug|Any CPU
		{5B039FD0-0F95-43A6-A36F-F652F97A20F3}.Debug|ARM.ActiveCfg = Debug|ARM
		{5B039FD0-0F95-43A6-A36F-F652F97A20F3}.Debug|ARM.Build.0 = Debug|ARM
		{5B039FD0-0F95-43A6-A36F-F652F97A20F3}.Debug|ARM.Deploy.0 = Debug|ARM
		{5B039FD0-0F95-43A6-A36F-F652F97A20F3}.Debug|iPhone.ActiveCfg = Debug|Any CPU
		{5B039FD0-0F95-43A6-A36F-F652F97A20F3}.Debug|iPhone.Build.0 = Debug|Any CPU
		{5B039FD0-0F95-43A6-A36F-F652F97A20F3}.Debug|iPhone.Deploy.0 = Debug|Any CPU
		{5B039FD0-0F95-43A6-A36F-F652F97A20F3}.Debug|iPhoneSimulator.ActiveCfg = Debug|Any CPU
		{5B039FD0-0F95-43A6-A36F-F652F97A20F3}.Debug|iPhoneSimulator.Build.0 = Debug|Any CPU
		{5B039FD0-0F95-43A6-A36F-F652F97A20F3}.Debug|iPhoneSimulator.Deploy.0 = Debug|Any CPU
		{5B039FD0-0F95-43A6-A36F-F652F97A20F3}.Debug|x64.ActiveCfg = Debug|x64
		{5B039FD0-0F95-43A6-A36F-F652F97A20F3}.Debug|x64.Build.0 = Debug|x64
		{5B039FD0-0F95-43A6-A36F-F652F97A20F3}.Debug|x64.Deploy.0 = Debug|x64
		{5B039FD0-0F95-43A6-A36F-F652F97A20F3}.Debug|x86.ActiveCfg = Debug|x86
		{5B039FD0-0F95-43A6-A36F-F652F97A20F3}.Debug|x86.Build.0 = Debug|x86
		{5B039FD0-0F95-43A6-A36F-F652F97A20F3}.Debug|x86.Deploy.0 = Debug|x86
		{5B039FD0-0F95-43A6-A36F-F652F97A20F3}.Release|Any CPU.ActiveCfg = Release|Any CPU
		{5B039FD0-0F95-43A6-A36F-F652F97A20F3}.Release|Any CPU.Build.0 = Release|Any CPU
		{5B039FD0-0F95-43A6-A36F-F652F97A20F3}.Release|Any CPU.Deploy.0 = Release|Any CPU
		{5B039FD0-0F95-43A6-A36F-F652F97A20F3}.Release|ARM.ActiveCfg = Release|ARM
		{5B039FD0-0F95-43A6-A36F-F652F97A20F3}.Release|ARM.Build.0 = Release|ARM
		{5B039FD0-0F95-43A6-A36F-F652F97A20F3}.Release|ARM.Deploy.0 = Release|ARM
		{5B039FD0-0F95-43A6-A36F-F652F97A20F3}.Release|iPhone.ActiveCfg = Release|Any CPU
		{5B039FD0-0F95-43A6-A36F-F652F97A20F3}.Release|iPhone.Build.0 = Release|Any CPU
		{5B039FD0-0F95-43A6-A36F-F652F97A20F3}.Release|iPhone.Deploy.0 = Release|Any CPU
		{5B039FD0-0F95-43A6-A36F-F652F97A20F3}.Release|iPhoneSimulator.ActiveCfg = Release|Any CPU
		{5B039FD0-0F95-43A6-A36F-F652F97A20F3}.Release|iPhoneSimulator.Build.0 = Release|Any CPU
		{5B039FD0-0F95-43A6-A36F-F652F97A20F3}.Release|iPhoneSimulator.Deploy.0 = Release|Any CPU
		{5B039FD0-0F95-43A6-A36F-F652F97A20F3}.Release|x64.ActiveCfg = Release|x64
		{5B039FD0-0F95-43A6-A36F-F652F97A20F3}.Release|x64.Build.0 = Release|x64
		{5B039FD0-0F95-43A6-A36F-F652F97A20F3}.Release|x64.Deploy.0 = Release|x64
		{5B039FD0-0F95-43A6-A36F-F652F97A20F3}.Release|x86.ActiveCfg = Release|x86
		{5B039FD0-0F95-43A6-A36F-F652F97A20F3}.Release|x86.Build.0 = Release|x86
		{5B039FD0-0F95-43A6-A36F-F652F97A20F3}.Release|x86.Deploy.0 = Release|x86
		{DF194044-71F1-4385-81F1-2D45326E2AC6}.Ad-Hoc|Any CPU.ActiveCfg = Release|Any CPU
		{DF194044-71F1-4385-81F1-2D45326E2AC6}.Ad-Hoc|Any CPU.Build.0 = Release|Any CPU
		{DF194044-71F1-4385-81F1-2D45326E2AC6}.Ad-Hoc|ARM.ActiveCfg = Release|Any CPU
		{DF194044-71F1-4385-81F1-2D45326E2AC6}.Ad-Hoc|ARM.Build.0 = Release|Any CPU
		{DF194044-71F1-4385-81F1-2D45326E2AC6}.Ad-Hoc|iPhone.ActiveCfg = Release|Any CPU
		{DF194044-71F1-4385-81F1-2D45326E2AC6}.Ad-Hoc|iPhone.Build.0 = Release|Any CPU
		{DF194044-71F1-4385-81F1-2D45326E2AC6}.Ad-Hoc|iPhoneSimulator.ActiveCfg = Release|Any CPU
		{DF194044-71F1-4385-81F1-2D45326E2AC6}.Ad-Hoc|iPhoneSimulator.Build.0 = Release|Any CPU
		{DF194044-71F1-4385-81F1-2D45326E2AC6}.Ad-Hoc|x64.ActiveCfg = Release|Any CPU
		{DF194044-71F1-4385-81F1-2D45326E2AC6}.Ad-Hoc|x64.Build.0 = Release|Any CPU
		{DF194044-71F1-4385-81F1-2D45326E2AC6}.Ad-Hoc|x86.ActiveCfg = Release|Any CPU
		{DF194044-71F1-4385-81F1-2D45326E2AC6}.Ad-Hoc|x86.Build.0 = Release|Any CPU
		{DF194044-71F1-4385-81F1-2D45326E2AC6}.AppStore|Any CPU.ActiveCfg = Release|Any CPU
		{DF194044-71F1-4385-81F1-2D45326E2AC6}.AppStore|Any CPU.Build.0 = Release|Any CPU
		{DF194044-71F1-4385-81F1-2D45326E2AC6}.AppStore|ARM.ActiveCfg = Release|Any CPU
		{DF194044-71F1-4385-81F1-2D45326E2AC6}.AppStore|ARM.Build.0 = Release|Any CPU
		{DF194044-71F1-4385-81F1-2D45326E2AC6}.AppStore|iPhone.ActiveCfg = Release|Any CPU
		{DF194044-71F1-4385-81F1-2D45326E2AC6}.AppStore|iPhone.Build.0 = Release|Any CPU
		{DF194044-71F1-4385-81F1-2D45326E2AC6}.AppStore|iPhoneSimulator.ActiveCfg = Release|Any CPU
		{DF194044-71F1-4385-81F1-2D45326E2AC6}.AppStore|iPhoneSimulator.Build.0 = Release|Any CPU
		{DF194044-71F1-4385-81F1-2D45326E2AC6}.AppStore|x64.ActiveCfg = Release|Any CPU
		{DF194044-71F1-4385-81F1-2D45326E2AC6}.AppStore|x64.Build.0 = Release|Any CPU
		{DF194044-71F1-4385-81F1-2D45326E2AC6}.AppStore|x86.ActiveCfg = Release|Any CPU
		{DF194044-71F1-4385-81F1-2D45326E2AC6}.AppStore|x86.Build.0 = Release|Any CPU
		{DF194044-71F1-4385-81F1-2D45326E2AC6}.Debug|Any CPU.ActiveCfg = Debug|Any CPU
		{DF194044-71F1-4385-81F1-2D45326E2AC6}.Debug|Any CPU.Build.0 = Debug|Any CPU
		{DF194044-71F1-4385-81F1-2D45326E2AC6}.Debug|ARM.ActiveCfg = Debug|Any CPU
		{DF194044-71F1-4385-81F1-2D45326E2AC6}.Debug|ARM.Build.0 = Debug|Any CPU
		{DF194044-71F1-4385-81F1-2D45326E2AC6}.Debug|iPhone.ActiveCfg = Debug|Any CPU
		{DF194044-71F1-4385-81F1-2D45326E2AC6}.Debug|iPhone.Build.0 = Debug|Any CPU
		{DF194044-71F1-4385-81F1-2D45326E2AC6}.Debug|iPhoneSimulator.ActiveCfg = Debug|Any CPU
		{DF194044-71F1-4385-81F1-2D45326E2AC6}.Debug|iPhoneSimulator.Build.0 = Debug|Any CPU
		{DF194044-71F1-4385-81F1-2D45326E2AC6}.Debug|x64.ActiveCfg = Debug|Any CPU
		{DF194044-71F1-4385-81F1-2D45326E2AC6}.Debug|x64.Build.0 = Debug|Any CPU
		{DF194044-71F1-4385-81F1-2D45326E2AC6}.Debug|x86.ActiveCfg = Debug|Any CPU
		{DF194044-71F1-4385-81F1-2D45326E2AC6}.Debug|x86.Build.0 = Debug|Any CPU
		{DF194044-71F1-4385-81F1-2D45326E2AC6}.Release|Any CPU.ActiveCfg = Release|Any CPU
		{DF194044-71F1-4385-81F1-2D45326E2AC6}.Release|Any CPU.Build.0 = Release|Any CPU
		{DF194044-71F1-4385-81F1-2D45326E2AC6}.Release|ARM.ActiveCfg = Release|Any CPU
		{DF194044-71F1-4385-81F1-2D45326E2AC6}.Release|ARM.Build.0 = Release|Any CPU
		{DF194044-71F1-4385-81F1-2D45326E2AC6}.Release|iPhone.ActiveCfg = Release|Any CPU
		{DF194044-71F1-4385-81F1-2D45326E2AC6}.Release|iPhone.Build.0 = Release|Any CPU
		{DF194044-71F1-4385-81F1-2D45326E2AC6}.Release|iPhoneSimulator.ActiveCfg = Release|Any CPU
		{DF194044-71F1-4385-81F1-2D45326E2AC6}.Release|iPhoneSimulator.Build.0 = Release|Any CPU
		{DF194044-71F1-4385-81F1-2D45326E2AC6}.Release|x64.ActiveCfg = Release|Any CPU
		{DF194044-71F1-4385-81F1-2D45326E2AC6}.Release|x64.Build.0 = Release|Any CPU
		{DF194044-71F1-4385-81F1-2D45326E2AC6}.Release|x86.ActiveCfg = Release|Any CPU
		{DF194044-71F1-4385-81F1-2D45326E2AC6}.Release|x86.Build.0 = Release|Any CPU
	EndGlobalSection
	GlobalSection(SolutionProperties) = preSolution
		HideSolutionNode = FALSE
	EndGlobalSection
EndGlobal
